// !$*UTF8*$!
{
	archiveVersion = 1;
	classes = {
	};
	objectVersion = 46;
	objects = {

/* Begin PBXBuildFile section */
		14C776F632914BF1AFC3F2EC /* libPods.a in Frameworks */ = {isa = PBXBuildFile; fileRef = 0288993C8A8441F19398EED1 /* libPods.a */; };
		165C1C3D181A04820080DFF3 /* Foundation.framework in Frameworks */ = {isa = PBXBuildFile; fileRef = 165C1C3C181A04820080DFF3 /* Foundation.framework */; };
		165C1C3F181A04820080DFF3 /* CoreGraphics.framework in Frameworks */ = {isa = PBXBuildFile; fileRef = 165C1C3E181A04820080DFF3 /* CoreGraphics.framework */; };
		165C1C41181A04820080DFF3 /* UIKit.framework in Frameworks */ = {isa = PBXBuildFile; fileRef = 165C1C40181A04820080DFF3 /* UIKit.framework */; };
		165C1C47181A04820080DFF3 /* InfoPlist.strings in Resources */ = {isa = PBXBuildFile; fileRef = 165C1C45181A04820080DFF3 /* InfoPlist.strings */; };
		165C1C49181A04820080DFF3 /* main.m in Sources */ = {isa = PBXBuildFile; fileRef = 165C1C48181A04820080DFF3 /* main.m */; };
		165C1C4D181A04820080DFF3 /* FRXAppDelegate.m in Sources */ = {isa = PBXBuildFile; fileRef = 165C1C4C181A04820080DFF3 /* FRXAppDelegate.m */; };
		165C1C4F181A04820080DFF3 /* Images.xcassets in Resources */ = {isa = PBXBuildFile; fileRef = 165C1C4E181A04820080DFF3 /* Images.xcassets */; };
		165C1C56181A04820080DFF3 /* XCTest.framework in Frameworks */ = {isa = PBXBuildFile; fileRef = 165C1C55181A04820080DFF3 /* XCTest.framework */; };
		165C1C57181A04820080DFF3 /* Foundation.framework in Frameworks */ = {isa = PBXBuildFile; fileRef = 165C1C3C181A04820080DFF3 /* Foundation.framework */; };
		165C1C58181A04820080DFF3 /* UIKit.framework in Frameworks */ = {isa = PBXBuildFile; fileRef = 165C1C40181A04820080DFF3 /* UIKit.framework */; };
		165C1C60181A04820080DFF3 /* InfoPlist.strings in Resources */ = {isa = PBXBuildFile; fileRef = 165C1C5E181A04820080DFF3 /* InfoPlist.strings */; };
		16723B72181A0DAD00C4D79E /* AssetsLibrary.framework in Frameworks */ = {isa = PBXBuildFile; fileRef = 16723B71181A0DAD00C4D79E /* AssetsLibrary.framework */; };
		16723B75181A1C2400C4D79E /* ALAssetsLibrary+RACExtensionsSpec.m in Sources */ = {isa = PBXBuildFile; fileRef = 16723B74181A1C2400C4D79E /* ALAssetsLibrary+RACExtensionsSpec.m */; };
		16A87B06181A327400CB611A /* AssetsLibrary.framework in Frameworks */ = {isa = PBXBuildFile; fileRef = 16723B71181A0DAD00C4D79E /* AssetsLibrary.framework */; };
		16A87B17181A33D600CB611A /* squiggles.png in Resources */ = {isa = PBXBuildFile; fileRef = 16A87B0F181A33D600CB611A /* squiggles.png */; };
		16A87B18181A33D600CB611A /* squiggles@2x.png in Resources */ = {isa = PBXBuildFile; fileRef = 16A87B11181A33D600CB611A /* squiggles@2x.png */; };
		16A87B19181A33D600CB611A /* triangle.png in Resources */ = {isa = PBXBuildFile; fileRef = 16A87B13181A33D600CB611A /* triangle.png */; };
		16A87B1A181A33D600CB611A /* triangle@2x.png in Resources */ = {isa = PBXBuildFile; fileRef = 16A87B15181A33D600CB611A /* triangle@2x.png */; };
		46665CC81419488ABB3F49D4 /* libPods-Framework-RACExtensionsTests.a in Frameworks */ = {isa = PBXBuildFile; fileRef = 0189B8D2F1F848D8819F3185 /* libPods-Framework-RACExtensionsTests.a */; };
/* End PBXBuildFile section */

/* Begin PBXContainerItemProxy section */
		165C1C59181A04820080DFF3 /* PBXContainerItemProxy */ = {
			isa = PBXContainerItemProxy;
			containerPortal = 165C1C31181A04820080DFF3 /* Project object */;
			proxyType = 1;
			remoteGlobalIDString = 165C1C38181A04820080DFF3;
			remoteInfo = "Framework-RACExtensions";
		};
/* End PBXContainerItemProxy section */

/* Begin PBXFileReference section */
		0189B8D2F1F848D8819F3185 /* libPods-Framework-RACExtensionsTests.a */ = {isa = PBXFileReference; explicitFileType = archive.ar; includeInIndex = 0; path = "libPods-Framework-RACExtensionsTests.a"; sourceTree = BUILT_PRODUCTS_DIR; };
		0288993C8A8441F19398EED1 /* libPods.a */ = {isa = PBXFileReference; explicitFileType = archive.ar; includeInIndex = 0; path = libPods.a; sourceTree = BUILT_PRODUCTS_DIR; };
		165C1C39181A04820080DFF3 /* Framework-RACExtensions.app */ = {isa = PBXFileReference; explicitFileType = wrapper.application; includeInIndex = 0; path = "Framework-RACExtensions.app"; sourceTree = BUILT_PRODUCTS_DIR; };
		165C1C3C181A04820080DFF3 /* Foundation.framework */ = {isa = PBXFileReference; lastKnownFileType = wrapper.framework; name = Foundation.framework; path = System/Library/Frameworks/Foundation.framework; sourceTree = SDKROOT; };
		165C1C3E181A04820080DFF3 /* CoreGraphics.framework */ = {isa = PBXFileReference; lastKnownFileType = wrapper.framework; name = CoreGraphics.framework; path = System/Library/Frameworks/CoreGraphics.framework; sourceTree = SDKROOT; };
		165C1C40181A04820080DFF3 /* UIKit.framework */ = {isa = PBXFileReference; lastKnownFileType = wrapper.framework; name = UIKit.framework; path = System/Library/Frameworks/UIKit.framework; sourceTree = SDKROOT; };
		165C1C44181A04820080DFF3 /* Framework-RACExtensions-Info.plist */ = {isa = PBXFileReference; lastKnownFileType = text.plist.xml; path = "Framework-RACExtensions-Info.plist"; sourceTree = "<group>"; };
		165C1C46181A04820080DFF3 /* en */ = {isa = PBXFileReference; lastKnownFileType = text.plist.strings; name = en; path = en.lproj/InfoPlist.strings; sourceTree = "<group>"; };
		165C1C48181A04820080DFF3 /* main.m */ = {isa = PBXFileReference; lastKnownFileType = sourcecode.c.objc; path = main.m; sourceTree = "<group>"; };
		165C1C4A181A04820080DFF3 /* Framework-RACExtensions-Prefix.pch */ = {isa = PBXFileReference; lastKnownFileType = sourcecode.c.h; path = "Framework-RACExtensions-Prefix.pch"; sourceTree = "<group>"; };
		165C1C4B181A04820080DFF3 /* FRXAppDelegate.h */ = {isa = PBXFileReference; lastKnownFileType = sourcecode.c.h; path = FRXAppDelegate.h; sourceTree = "<group>"; };
		165C1C4C181A04820080DFF3 /* FRXAppDelegate.m */ = {isa = PBXFileReference; lastKnownFileType = sourcecode.c.objc; path = FRXAppDelegate.m; sourceTree = "<group>"; };
		165C1C4E181A04820080DFF3 /* Images.xcassets */ = {isa = PBXFileReference; lastKnownFileType = folder.assetcatalog; path = Images.xcassets; sourceTree = "<group>"; };
		165C1C54181A04820080DFF3 /* Framework-RACExtensionsTests.xctest */ = {isa = PBXFileReference; explicitFileType = wrapper.cfbundle; includeInIndex = 0; path = "Framework-RACExtensionsTests.xctest"; sourceTree = BUILT_PRODUCTS_DIR; };
		165C1C55181A04820080DFF3 /* XCTest.framework */ = {isa = PBXFileReference; lastKnownFileType = wrapper.framework; name = XCTest.framework; path = Library/Frameworks/XCTest.framework; sourceTree = DEVELOPER_DIR; };
		165C1C5D181A04820080DFF3 /* Framework-RACExtensionsTests-Info.plist */ = {isa = PBXFileReference; lastKnownFileType = text.plist.xml; path = "Framework-RACExtensionsTests-Info.plist"; sourceTree = "<group>"; };
		165C1C5F181A04820080DFF3 /* en */ = {isa = PBXFileReference; lastKnownFileType = text.plist.strings; name = en; path = en.lproj/InfoPlist.strings; sourceTree = "<group>"; };
		16723B71181A0DAD00C4D79E /* AssetsLibrary.framework */ = {isa = PBXFileReference; lastKnownFileType = wrapper.framework; name = AssetsLibrary.framework; path = System/Library/Frameworks/AssetsLibrary.framework; sourceTree = SDKROOT; };
		16723B74181A1C2400C4D79E /* ALAssetsLibrary+RACExtensionsSpec.m */ = {isa = PBXFileReference; fileEncoding = 4; lastKnownFileType = sourcecode.c.objc; path = "ALAssetsLibrary+RACExtensionsSpec.m"; sourceTree = "<group>"; };
		16A87B10181A33D600CB611A /* en */ = {isa = PBXFileReference; lastKnownFileType = image.png; name = en; path = en.lproj/squiggles.png; sourceTree = "<group>"; };
		16A87B12181A33D600CB611A /* en */ = {isa = PBXFileReference; lastKnownFileType = image.png; name = en; path = "en.lproj/squiggles@2x.png"; sourceTree = "<group>"; };
		16A87B14181A33D600CB611A /* en */ = {isa = PBXFileReference; lastKnownFileType = image.png; name = en; path = en.lproj/triangle.png; sourceTree = "<group>"; };
		16A87B16181A33D600CB611A /* en */ = {isa = PBXFileReference; lastKnownFileType = image.png; name = en; path = "en.lproj/triangle@2x.png"; sourceTree = "<group>"; };
		4B1CF7AB52FE4E9293D616B3 /* Pods.xcconfig */ = {isa = PBXFileReference; includeInIndex = 1; lastKnownFileType = text.xcconfig; name = Pods.xcconfig; path = Pods/Pods.xcconfig; sourceTree = "<group>"; };
		575073EB3AE04793B517E994 /* Pods-Framework-RACExtensionsTests.xcconfig */ = {isa = PBXFileReference; includeInIndex = 1; lastKnownFileType = text.xcconfig; name = "Pods-Framework-RACExtensionsTests.xcconfig"; path = "Pods/Pods-Framework-RACExtensionsTests.xcconfig"; sourceTree = "<group>"; };
/* End PBXFileReference section */

/* Begin PBXFrameworksBuildPhase section */
		165C1C36181A04820080DFF3 /* Frameworks */ = {
			isa = PBXFrameworksBuildPhase;
			buildActionMask = 2147483647;
			files = (
				16723B72181A0DAD00C4D79E /* AssetsLibrary.framework in Frameworks */,
				165C1C3F181A04820080DFF3 /* CoreGraphics.framework in Frameworks */,
				165C1C3D181A04820080DFF3 /* Foundation.framework in Frameworks */,
				165C1C41181A04820080DFF3 /* UIKit.framework in Frameworks */,
				14C776F632914BF1AFC3F2EC /* libPods.a in Frameworks */,
			);
			runOnlyForDeploymentPostprocessing = 0;
		};
		165C1C51181A04820080DFF3 /* Frameworks */ = {
			isa = PBXFrameworksBuildPhase;
			buildActionMask = 2147483647;
			files = (
				16A87B06181A327400CB611A /* AssetsLibrary.framework in Frameworks */,
				165C1C57181A04820080DFF3 /* Foundation.framework in Frameworks */,
				165C1C58181A04820080DFF3 /* UIKit.framework in Frameworks */,
				165C1C56181A04820080DFF3 /* XCTest.framework in Frameworks */,
				46665CC81419488ABB3F49D4 /* libPods-Framework-RACExtensionsTests.a in Frameworks */,
			);
			runOnlyForDeploymentPostprocessing = 0;
		};
/* End PBXFrameworksBuildPhase section */

/* Begin PBXGroup section */
		165C1C30181A04820080DFF3 = {
			isa = PBXGroup;
			children = (
				165C1C42181A04820080DFF3 /* Framework-RACExtensions */,
				165C1C5B181A04820080DFF3 /* Framework-RACExtensionsTests */,
				165C1C3B181A04820080DFF3 /* Frameworks */,
				165C1C3A181A04820080DFF3 /* Products */,
				4B1CF7AB52FE4E9293D616B3 /* Pods.xcconfig */,
				575073EB3AE04793B517E994 /* Pods-Framework-RACExtensionsTests.xcconfig */,
			);
			sourceTree = "<group>";
		};
		165C1C3A181A04820080DFF3 /* Products */ = {
			isa = PBXGroup;
			children = (
				165C1C39181A04820080DFF3 /* Framework-RACExtensions.app */,
				165C1C54181A04820080DFF3 /* Framework-RACExtensionsTests.xctest */,
			);
			name = Products;
			sourceTree = "<group>";
		};
		165C1C3B181A04820080DFF3 /* Frameworks */ = {
			isa = PBXGroup;
			children = (
				16723B71181A0DAD00C4D79E /* AssetsLibrary.framework */,
				165C1C3C181A04820080DFF3 /* Foundation.framework */,
				165C1C3E181A04820080DFF3 /* CoreGraphics.framework */,
				165C1C40181A04820080DFF3 /* UIKit.framework */,
				165C1C55181A04820080DFF3 /* XCTest.framework */,
				0288993C8A8441F19398EED1 /* libPods.a */,
				0189B8D2F1F848D8819F3185 /* libPods-Framework-RACExtensionsTests.a */,
			);
			name = Frameworks;
			sourceTree = "<group>";
		};
		165C1C42181A04820080DFF3 /* Framework-RACExtensions */ = {
			isa = PBXGroup;
			children = (
				165C1C4B181A04820080DFF3 /* FRXAppDelegate.h */,
				165C1C4C181A04820080DFF3 /* FRXAppDelegate.m */,
				165C1C4E181A04820080DFF3 /* Images.xcassets */,
				165C1C43181A04820080DFF3 /* Supporting Files */,
			);
			path = "Framework-RACExtensions";
			sourceTree = "<group>";
		};
		165C1C43181A04820080DFF3 /* Supporting Files */ = {
			isa = PBXGroup;
			children = (
				165C1C44181A04820080DFF3 /* Framework-RACExtensions-Info.plist */,
				165C1C45181A04820080DFF3 /* InfoPlist.strings */,
				165C1C48181A04820080DFF3 /* main.m */,
				165C1C4A181A04820080DFF3 /* Framework-RACExtensions-Prefix.pch */,
			);
			name = "Supporting Files";
			sourceTree = "<group>";
		};
		165C1C5B181A04820080DFF3 /* Framework-RACExtensionsTests */ = {
			isa = PBXGroup;
			children = (
				16723B74181A1C2400C4D79E /* ALAssetsLibrary+RACExtensionsSpec.m */,
				1681FA81181A2D4F002F060E /* Resources */,
				165C1C5C181A04820080DFF3 /* Supporting Files */,
			);
			path = "Framework-RACExtensionsTests";
			sourceTree = "<group>";
		};
		165C1C5C181A04820080DFF3 /* Supporting Files */ = {
			isa = PBXGroup;
			children = (
				165C1C5D181A04820080DFF3 /* Framework-RACExtensionsTests-Info.plist */,
				165C1C5E181A04820080DFF3 /* InfoPlist.strings */,
			);
			name = "Supporting Files";
			sourceTree = "<group>";
		};
		1681FA81181A2D4F002F060E /* Resources */ = {
			isa = PBXGroup;
			children = (
				16A87B0F181A33D600CB611A /* squiggles.png */,
				16A87B11181A33D600CB611A /* squiggles@2x.png */,
				16A87B13181A33D600CB611A /* triangle.png */,
				16A87B15181A33D600CB611A /* triangle@2x.png */,
			);
			name = Resources;
			sourceTree = "<group>";
		};
/* End PBXGroup section */

/* Begin PBXNativeTarget section */
		165C1C38181A04820080DFF3 /* Framework-RACExtensions */ = {
			isa = PBXNativeTarget;
			buildConfigurationList = 165C1C65181A04820080DFF3 /* Build configuration list for PBXNativeTarget "Framework-RACExtensions" */;
			buildPhases = (
				9079BE4E8E7F472B9F83653E /* Check Pods Manifest.lock */,
				165C1C35181A04820080DFF3 /* Sources */,
				165C1C36181A04820080DFF3 /* Frameworks */,
				165C1C37181A04820080DFF3 /* Resources */,
				6A8068AB0B814BDA81017BC1 /* Copy Pods Resources */,
			);
			buildRules = (
			);
			dependencies = (
			);
			name = "Framework-RACExtensions";
			productName = "Framework-RACExtensions";
			productReference = 165C1C39181A04820080DFF3 /* Framework-RACExtensions.app */;
			productType = "com.apple.product-type.application";
		};
		165C1C53181A04820080DFF3 /* Framework-RACExtensionsTests */ = {
			isa = PBXNativeTarget;
			buildConfigurationList = 165C1C68181A04820080DFF3 /* Build configuration list for PBXNativeTarget "Framework-RACExtensionsTests" */;
			buildPhases = (
				ABAF2717D270446FB9B0670C /* Check Pods Manifest.lock */,
				165C1C50181A04820080DFF3 /* Sources */,
				165C1C51181A04820080DFF3 /* Frameworks */,
				165C1C52181A04820080DFF3 /* Resources */,
				F09EB261814946F2B09C6E65 /* Copy Pods Resources */,
			);
			buildRules = (
			);
			dependencies = (
				165C1C5A181A04820080DFF3 /* PBXTargetDependency */,
			);
			name = "Framework-RACExtensionsTests";
			productName = "Framework-RACExtensionsTests";
			productReference = 165C1C54181A04820080DFF3 /* Framework-RACExtensionsTests.xctest */;
			productType = "com.apple.product-type.bundle.unit-test";
		};
/* End PBXNativeTarget section */

/* Begin PBXProject section */
		165C1C31181A04820080DFF3 /* Project object */ = {
			isa = PBXProject;
			attributes = {
				CLASSPREFIX = FRX;
				LastUpgradeCheck = 0500;
				ORGANIZATIONNAME = Autodesk;
				TargetAttributes = {
					165C1C53181A04820080DFF3 = {
						TestTargetID = 165C1C38181A04820080DFF3;
					};
				};
			};
			buildConfigurationList = 165C1C34181A04820080DFF3 /* Build configuration list for PBXProject "Framework-RACExtensions" */;
			compatibilityVersion = "Xcode 3.2";
			developmentRegion = English;
			hasScannedForEncodings = 0;
			knownRegions = (
				en,
			);
			mainGroup = 165C1C30181A04820080DFF3;
			productRefGroup = 165C1C3A181A04820080DFF3 /* Products */;
			projectDirPath = "";
			projectRoot = "";
			targets = (
				165C1C38181A04820080DFF3 /* Framework-RACExtensions */,
				165C1C53181A04820080DFF3 /* Framework-RACExtensionsTests */,
			);
		};
/* End PBXProject section */

/* Begin PBXResourcesBuildPhase section */
		165C1C37181A04820080DFF3 /* Resources */ = {
			isa = PBXResourcesBuildPhase;
			buildActionMask = 2147483647;
			files = (
				165C1C47181A04820080DFF3 /* InfoPlist.strings in Resources */,
				165C1C4F181A04820080DFF3 /* Images.xcassets in Resources */,
			);
			runOnlyForDeploymentPostprocessing = 0;
		};
		165C1C52181A04820080DFF3 /* Resources */ = {
			isa = PBXResourcesBuildPhase;
			buildActionMask = 2147483647;
			files = (
				16A87B1A181A33D600CB611A /* triangle@2x.png in Resources */,
				16A87B17181A33D600CB611A /* squiggles.png in Resources */,
				16A87B19181A33D600CB611A /* triangle.png in Resources */,
				165C1C60181A04820080DFF3 /* InfoPlist.strings in Resources */,
				16A87B18181A33D600CB611A /* squiggles@2x.png in Resources */,
			);
			runOnlyForDeploymentPostprocessing = 0;
		};
/* End PBXResourcesBuildPhase section */

/* Begin PBXShellScriptBuildPhase section */
		6A8068AB0B814BDA81017BC1 /* Copy Pods Resources */ = {
			isa = PBXShellScriptBuildPhase;
			buildActionMask = 2147483647;
			files = (
			);
			inputPaths = (
			);
			name = "Copy Pods Resources";
			outputPaths = (
			);
			runOnlyForDeploymentPostprocessing = 0;
			shellPath = /bin/sh;
			shellScript = "\"${SRCROOT}/Pods/Pods-resources.sh\"\n";
			showEnvVarsInLog = 0;
		};
		9079BE4E8E7F472B9F83653E /* Check Pods Manifest.lock */ = {
			isa = PBXShellScriptBuildPhase;
			buildActionMask = 2147483647;
			files = (
			);
			inputPaths = (
			);
			name = "Check Pods Manifest.lock";
			outputPaths = (
			);
			runOnlyForDeploymentPostprocessing = 0;
			shellPath = /bin/sh;
			shellScript = "diff \"${PODS_ROOT}/../Podfile.lock\" \"${PODS_ROOT}/Manifest.lock\" > /dev/null\nif [[ $? != 0 ]] ; then\n    cat << EOM\nerror: The sandbox is not in sync with the Podfile.lock. Run 'pod install' or update your CocoaPods installation.\nEOM\n    exit 1\nfi\n";
			showEnvVarsInLog = 0;
		};
		ABAF2717D270446FB9B0670C /* Check Pods Manifest.lock */ = {
			isa = PBXShellScriptBuildPhase;
			buildActionMask = 2147483647;
			files = (
			);
			inputPaths = (
			);
			name = "Check Pods Manifest.lock";
			outputPaths = (
			);
			runOnlyForDeploymentPostprocessing = 0;
			shellPath = /bin/sh;
			shellScript = "diff \"${PODS_ROOT}/../Podfile.lock\" \"${PODS_ROOT}/Manifest.lock\" > /dev/null\nif [[ $? != 0 ]] ; then\n    cat << EOM\nerror: The sandbox is not in sync with the Podfile.lock. Run 'pod install' or update your CocoaPods installation.\nEOM\n    exit 1\nfi\n";
			showEnvVarsInLog = 0;
		};
		F09EB261814946F2B09C6E65 /* Copy Pods Resources */ = {
			isa = PBXShellScriptBuildPhase;
			buildActionMask = 2147483647;
			files = (
			);
			inputPaths = (
			);
			name = "Copy Pods Resources";
			outputPaths = (
			);
			runOnlyForDeploymentPostprocessing = 0;
			shellPath = /bin/sh;
			shellScript = "\"${SRCROOT}/Pods/Pods-Framework-RACExtensionsTests-resources.sh\"\n";
			showEnvVarsInLog = 0;
		};
/* End PBXShellScriptBuildPhase section */

/* Begin PBXSourcesBuildPhase section */
		165C1C35181A04820080DFF3 /* Sources */ = {
			isa = PBXSourcesBuildPhase;
			buildActionMask = 2147483647;
			files = (
				165C1C49181A04820080DFF3 /* main.m in Sources */,
				165C1C4D181A04820080DFF3 /* FRXAppDelegate.m in Sources */,
			);
			runOnlyForDeploymentPostprocessing = 0;
		};
		165C1C50181A04820080DFF3 /* Sources */ = {
			isa = PBXSourcesBuildPhase;
			buildActionMask = 2147483647;
			files = (
				16723B75181A1C2400C4D79E /* ALAssetsLibrary+RACExtensionsSpec.m in Sources */,
			);
			runOnlyForDeploymentPostprocessing = 0;
		};
/* End PBXSourcesBuildPhase section */

/* Begin PBXTargetDependency section */
		165C1C5A181A04820080DFF3 /* PBXTargetDependency */ = {
			isa = PBXTargetDependency;
			target = 165C1C38181A04820080DFF3 /* Framework-RACExtensions */;
			targetProxy = 165C1C59181A04820080DFF3 /* PBXContainerItemProxy */;
		};
/* End PBXTargetDependency section */

/* Begin PBXVariantGroup section */
		165C1C45181A04820080DFF3 /* InfoPlist.strings */ = {
			isa = PBXVariantGroup;
			children = (
				165C1C46181A04820080DFF3 /* en */,
			);
			name = InfoPlist.strings;
			sourceTree = "<group>";
		};
		165C1C5E181A04820080DFF3 /* InfoPlist.strings */ = {
			isa = PBXVariantGroup;
			children = (
				165C1C5F181A04820080DFF3 /* en */,
			);
			name = InfoPlist.strings;
			sourceTree = "<group>";
		};
		16A87B0F181A33D600CB611A /* squiggles.png */ = {
			isa = PBXVariantGroup;
			children = (
				16A87B10181A33D600CB611A /* en */,
			);
			name = squiggles.png;
			sourceTree = "<group>";
		};
		16A87B11181A33D600CB611A /* squiggles@2x.png */ = {
			isa = PBXVariantGroup;
			children = (
				16A87B12181A33D600CB611A /* en */,
			);
			name = "squiggles@2x.png";
			sourceTree = "<group>";
		};
		16A87B13181A33D600CB611A /* triangle.png */ = {
			isa = PBXVariantGroup;
			children = (
				16A87B14181A33D600CB611A /* en */,
			);
			name = triangle.png;
			sourceTree = "<group>";
		};
		16A87B15181A33D600CB611A /* triangle@2x.png */ = {
			isa = PBXVariantGroup;
			children = (
				16A87B16181A33D600CB611A /* en */,
			);
			name = "triangle@2x.png";
			sourceTree = "<group>";
		};
/* End PBXVariantGroup section */

/* Begin XCBuildConfiguration section */
		165C1C63181A04820080DFF3 /* Debug */ = {
			isa = XCBuildConfiguration;
			buildSettings = {
				ALWAYS_SEARCH_USER_PATHS = NO;
				ARCHS = "$(ARCHS_STANDARD_INCLUDING_64_BIT)";
				CLANG_CXX_LANGUAGE_STANDARD = "gnu++0x";
				CLANG_CXX_LIBRARY = "libc++";
				CLANG_ENABLE_MODULES = YES;
				CLANG_ENABLE_OBJC_ARC = YES;
				CLANG_WARN_BOOL_CONVERSION = YES;
				CLANG_WARN_CONSTANT_CONVERSION = YES;
				CLANG_WARN_DIRECT_OBJC_ISA_USAGE = YES_ERROR;
				CLANG_WARN_EMPTY_BODY = YES;
				CLANG_WARN_ENUM_CONVERSION = YES;
				CLANG_WARN_INT_CONVERSION = YES;
				CLANG_WARN_OBJC_ROOT_CLASS = YES_ERROR;
				CLANG_WARN__DUPLICATE_METHOD_MATCH = YES;
				"CODE_SIGN_IDENTITY[sdk=iphoneos*]" = "iPhone Developer";
				COPY_PHASE_STRIP = NO;
				GCC_C_LANGUAGE_STANDARD = gnu99;
				GCC_DYNAMIC_NO_PIC = NO;
				GCC_OPTIMIZATION_LEVEL = 0;
				GCC_PREPROCESSOR_DEFINITIONS = (
					"DEBUG=1",
					"$(inherited)",
				);
				GCC_SYMBOLS_PRIVATE_EXTERN = NO;
				GCC_WARN_64_TO_32_BIT_CONVERSION = YES;
				GCC_WARN_ABOUT_RETURN_TYPE = YES_ERROR;
				GCC_WARN_UNDECLARED_SELECTOR = YES;
				GCC_WARN_UNINITIALIZED_AUTOS = YES;
				GCC_WARN_UNUSED_FUNCTION = YES;
				GCC_WARN_UNUSED_VARIABLE = YES;
				IPHONEOS_DEPLOYMENT_TARGET = 7.0;
				ONLY_ACTIVE_ARCH = YES;
				SDKROOT = iphoneos;
			};
			name = Debug;
		};
		165C1C64181A04820080DFF3 /* Release */ = {
			isa = XCBuildConfiguration;
			buildSettings = {
				ALWAYS_SEARCH_USER_PATHS = NO;
				ARCHS = "$(ARCHS_STANDARD_INCLUDING_64_BIT)";
				CLANG_CXX_LANGUAGE_STANDARD = "gnu++0x";
				CLANG_CXX_LIBRARY = "libc++";
				CLANG_ENABLE_MODULES = YES;
				CLANG_ENABLE_OBJC_ARC = YES;
				CLANG_WARN_BOOL_CONVERSION = YES;
				CLANG_WARN_CONSTANT_CONVERSION = YES;
				CLANG_WARN_DIRECT_OBJC_ISA_USAGE = YES_ERROR;
				CLANG_WARN_EMPTY_BODY = YES;
				CLANG_WARN_ENUM_CONVERSION = YES;
				CLANG_WARN_INT_CONVERSION = YES;
				CLANG_WARN_OBJC_ROOT_CLASS = YES_ERROR;
				CLANG_WARN__DUPLICATE_METHOD_MATCH = YES;
				"CODE_SIGN_IDENTITY[sdk=iphoneos*]" = "iPhone Developer";
				COPY_PHASE_STRIP = YES;
				ENABLE_NS_ASSERTIONS = NO;
				GCC_C_LANGUAGE_STANDARD = gnu99;
				GCC_WARN_64_TO_32_BIT_CONVERSION = YES;
				GCC_WARN_ABOUT_RETURN_TYPE = YES_ERROR;
				GCC_WARN_UNDECLARED_SELECTOR = YES;
				GCC_WARN_UNINITIALIZED_AUTOS = YES;
				GCC_WARN_UNUSED_FUNCTION = YES;
				GCC_WARN_UNUSED_VARIABLE = YES;
				IPHONEOS_DEPLOYMENT_TARGET = 7.0;
				SDKROOT = iphoneos;
				VALIDATE_PRODUCT = YES;
			};
			name = Release;
		};
		165C1C66181A04820080DFF3 /* Debug */ = {
			isa = XCBuildConfiguration;
			baseConfigurationReference = 4B1CF7AB52FE4E9293D616B3 /* Pods.xcconfig */;
			buildSettings = {
				ASSETCATALOG_COMPILER_APPICON_NAME = AppIcon;
				ASSETCATALOG_COMPILER_LAUNCHIMAGE_NAME = LaunchImage;
				GCC_PRECOMPILE_PREFIX_HEADER = YES;
				GCC_PREFIX_HEADER = "Framework-RACExtensions/Framework-RACExtensions-Prefix.pch";
				INFOPLIST_FILE = "Framework-RACExtensions/Framework-RACExtensions-Info.plist";
				PRODUCT_NAME = "$(TARGET_NAME)";
				WRAPPER_EXTENSION = app;
			};
			name = Debug;
		};
		165C1C67181A04820080DFF3 /* Release */ = {
			isa = XCBuildConfiguration;
			baseConfigurationReference = 4B1CF7AB52FE4E9293D616B3 /* Pods.xcconfig */;
			buildSettings = {
				ASSETCATALOG_COMPILER_APPICON_NAME = AppIcon;
				ASSETCATALOG_COMPILER_LAUNCHIMAGE_NAME = LaunchImage;
				GCC_PRECOMPILE_PREFIX_HEADER = YES;
				GCC_PREFIX_HEADER = "Framework-RACExtensions/Framework-RACExtensions-Prefix.pch";
				INFOPLIST_FILE = "Framework-RACExtensions/Framework-RACExtensions-Info.plist";
				PRODUCT_NAME = "$(TARGET_NAME)";
				WRAPPER_EXTENSION = app;
			};
			name = Release;
		};
		165C1C69181A04820080DFF3 /* Debug */ = {
			isa = XCBuildConfiguration;
			baseConfigurationReference = 575073EB3AE04793B517E994 /* Pods-Framework-RACExtensionsTests.xcconfig */;
			buildSettings = {
				ARCHS = "$(ARCHS_STANDARD_INCLUDING_64_BIT)";
				BUNDLE_LOADER = "$(BUILT_PRODUCTS_DIR)/Framework-RACExtensions.app/Framework-RACExtensions";
				FRAMEWORK_SEARCH_PATHS = (
					"$(SDKROOT)/Developer/Library/Frameworks",
					"$(inherited)",
					"$(DEVELOPER_FRAMEWORKS_DIR)",
				);
				GCC_PRECOMPILE_PREFIX_HEADER = YES;
				GCC_PREFIX_HEADER = "Framework-RACExtensions/Framework-RACExtensions-Prefix.pch";
				GCC_PREPROCESSOR_DEFINITIONS = (
					"DEBUG=1",
					"$(inherited)",
				);
				INFOPLIST_FILE = "Framework-RACExtensionsTests/Framework-RACExtensionsTests-Info.plist";
				PRODUCT_NAME = "$(TARGET_NAME)";
				TEST_HOST = "$(BUNDLE_LOADER)";
				WRAPPER_EXTENSION = xctest;
			};
			name = Debug;
		};
		165C1C6A181A04820080DFF3 /* Release */ = {
			isa = XCBuildConfiguration;
			baseConfigurationReference = 575073EB3AE04793B517E994 /* Pods-Framework-RACExtensionsTests.xcconfig */;
			buildSettings = {
				ARCHS = "$(ARCHS_STANDARD_INCLUDING_64_BIT)";
				BUNDLE_LOADER = "$(BUILT_PRODUCTS_DIR)/Framework-RACExtensions.app/Framework-RACExtensions";
				FRAMEWORK_SEARCH_PATHS = (
					"$(SDKROOT)/Developer/Library/Frameworks",
					"$(inherited)",
					"$(DEVELOPER_FRAMEWORKS_DIR)",
				);
				GCC_PRECOMPILE_PREFIX_HEADER = YES;
				GCC_PREFIX_HEADER = "Framework-RACExtensions/Framework-RACExtensions-Prefix.pch";
				INFOPLIST_FILE = "Framework-RACExtensionsTests/Framework-RACExtensionsTests-Info.plist";
				PRODUCT_NAME = "$(TARGET_NAME)";
				TEST_HOST = "$(BUNDLE_LOADER)";
				WRAPPER_EXTENSION = xctest;
			};
			name = Release;
		};
/* End XCBuildConfiguration section */

/* Begin XCConfigurationList section */
		165C1C34181A04820080DFF3 /* Build configuration list for PBXProject "Framework-RACExtensions" */ = {
			isa = XCConfigurationList;
			buildConfigurations = (
				165C1C63181A04820080DFF3 /* Debug */,
				165C1C64181A04820080DFF3 /* Release */,
			);
			defaultConfigurationIsVisible = 0;
			defaultConfigurationName = Release;
		};
		165C1C65181A04820080DFF3 /* Build configuration list for PBXNativeTarget "Framework-RACExtensions" */ = {
			isa = XCConfigurationList;
			buildConfigurations = (
				165C1C66181A04820080DFF3 /* Debug */,
				165C1C67181A04820080DFF3 /* Release */,
			);
			defaultConfigurationIsVisible = 0;
			defaultConfigurationName = Release;
		};
		165C1C68181A04820080DFF3 /* Build configuration list for PBXNativeTarget "Framework-RACExtensionsTests" */ = {
			isa = XCConfigurationList;
			buildConfigurations = (
				165C1C69181A04820080DFF3 /* Debug */,
				165C1C6A181A04820080DFF3 /* Release */,
			);
			defaultConfigurationIsVisible = 0;
			defaultConfigurationName = Release;
		};
/* End XCConfigurationList section */
	};
	rootObject = 165C1C31181A04820080DFF3 /* Project object */;
}
